
Microsoft Visual Studio Solution File, Format Version 12.00
# Visual Studio Version 17
VisualStudioVersion = 17.0.32112.339
MinimumVisualStudioVersion = 10.0.40219.1
Project("{2150E333-8FDC-42A3-9474-1A3956D46DE8}") = "Services", "Services", "{D494E396-CE54-431E-B25E-8189A45EA9B6}"
EndProject
Project("{2150E333-8FDC-42A3-9474-1A3956D46DE8}") = "Catalog", "Catalog", "{CECDE53D-1C3B-41F7-AC58-89E1CA8F193C}"
EndProject
Project("{9A19103F-16F7-4668-BE54-9A1E7A4F7556}") = "Catalog.API", "Services\Catalog\Catalog.API\Catalog.API.csproj", "{C1F1224B-BABF-4519-BF86-0F7A73F909B8}"
EndProject
Project("{E53339B2-1760-4266-BCC7-CA923CBCF16C}") = "docker-compose", "docker-compose.dcproj", "{CAC4B3B9-985F-4B8B-AF9B-C00271B1379C}"
EndProject
Project("{2150E333-8FDC-42A3-9474-1A3956D46DE8}") = "Basket", "Basket", "{29E3CD09-FC5A-4B02-AAD1-4FF698D1B549}"
EndProject
Project("{9A19103F-16F7-4668-BE54-9A1E7A4F7556}") = "Basket.API", "Services\Basket\Basket.API\Basket.API.csproj", "{A71B707B-CB60-4A22-93A4-B7C0158A7C92}"
EndProject
Project("{2150E333-8FDC-42A3-9474-1A3956D46DE8}") = "Discount", "Discount", "{C5EBE867-41D5-4C87-A320-AF83D3091F1C}"
EndProject
Project("{9A19103F-16F7-4668-BE54-9A1E7A4F7556}") = "Discount.API", "Services\Discount\Discount.API\Discount.API.csproj", "{BEA3ED33-7B7E-4D73-A39D-C4F508A46485}"
EndProject
Project("{9A19103F-16F7-4668-BE54-9A1E7A4F7556}") = "Discount.Grpc", "Services\Discount\Discount.Grpc\Discount.Grpc.csproj", "{0EF4D9DF-2A29-41F7-8F3E-66DF0192D32C}"
EndProject
Project("{2150E333-8FDC-42A3-9474-1A3956D46DE8}") = "Ordering", "Ordering", "{0F2ADB3F-F2C2-46A9-9C82-782DF153DC6B}"
EndProject
Project("{9A19103F-16F7-4668-BE54-9A1E7A4F7556}") = "Ordering.API", "Services\Ordering\Ordering.API\Ordering.API.csproj", "{23088054-B87B-41F6-B581-2E3C169577A6}"
EndProject
Project("{9A19103F-16F7-4668-BE54-9A1E7A4F7556}") = "Ordering.Domain", "Services\Ordering\Ordering.Domain\Ordering.Domain.csproj", "{73E502C7-E9B0-47D5-915F-89C5A9B44423}"
EndProject
Project("{9A19103F-16F7-4668-BE54-9A1E7A4F7556}") = "Ordering.Infrastructure", "Services\Ordering\Ordering.Infrastructure\Ordering.Infrastructure.csproj", "{84F3068F-4CFE-41A4-8CDA-F5080E0AF3A4}"
EndProject
Project("{9A19103F-16F7-4668-BE54-9A1E7A4F7556}") = "Ordering.Application", "Services\Ordering\Ordering.Application\Ordering.Application.csproj", "{D1F9C45A-EEC4-4AF2-8574-2CFA385A4D4F}"
EndProject
Project("{2150E333-8FDC-42A3-9474-1A3956D46DE8}") = "BuildingBlocks", "BuildingBlocks", "{B8D9B3C0-8F30-11EC-9A87-B126E474FE4B}"
EndProject
Project("{FAE04EC0-301F-11D3-BF4B-00C04F79EFBC}") = "EventBus.Messages", "BuildingBlocks\EventBus.Messages\EventBus.Messages.csproj", "{834B67EB-1E1B-4C64-A296-EFA16986B750}"
EndProject
Global
	GlobalSection(SolutionConfigurationPlatforms) = preSolution
		Debug|Any CPU = Debug|Any CPU
		Release|Any CPU = Release|Any CPU
	EndGlobalSection
	GlobalSection(ProjectConfigurationPlatforms) = postSolution
		{C1F1224B-BABF-4519-BF86-0F7A73F909B8}.Debug|Any CPU.ActiveCfg = Debug|Any CPU
		{C1F1224B-BABF-4519-BF86-0F7A73F909B8}.Debug|Any CPU.Build.0 = Debug|Any CPU
		{C1F1224B-BABF-4519-BF86-0F7A73F909B8}.Release|Any CPU.ActiveCfg = Release|Any CPU
		{C1F1224B-BABF-4519-BF86-0F7A73F909B8}.Release|Any CPU.Build.0 = Release|Any CPU
		{CAC4B3B9-985F-4B8B-AF9B-C00271B1379C}.Debug|Any CPU.ActiveCfg = Debug|Any CPU
		{CAC4B3B9-985F-4B8B-AF9B-C00271B1379C}.Debug|Any CPU.Build.0 = Debug|Any CPU
		{CAC4B3B9-985F-4B8B-AF9B-C00271B1379C}.Release|Any CPU.ActiveCfg = Release|Any CPU
		{CAC4B3B9-985F-4B8B-AF9B-C00271B1379C}.Release|Any CPU.Build.0 = Release|Any CPU
		{A71B707B-CB60-4A22-93A4-B7C0158A7C92}.Debug|Any CPU.ActiveCfg = Debug|Any CPU
		{A71B707B-CB60-4A22-93A4-B7C0158A7C92}.Debug|Any CPU.Build.0 = Debug|Any CPU
		{A71B707B-CB60-4A22-93A4-B7C0158A7C92}.Release|Any CPU.ActiveCfg = Release|Any CPU
		{A71B707B-CB60-4A22-93A4-B7C0158A7C92}.Release|Any CPU.Build.0 = Release|Any CPU
		{BEA3ED33-7B7E-4D73-A39D-C4F508A46485}.Debug|Any CPU.ActiveCfg = Debug|Any CPU
		{BEA3ED33-7B7E-4D73-A39D-C4F508A46485}.Debug|Any CPU.Build.0 = Debug|Any CPU
		{BEA3ED33-7B7E-4D73-A39D-C4F508A46485}.Release|Any CPU.ActiveCfg = Release|Any CPU
		{BEA3ED33-7B7E-4D73-A39D-C4F508A46485}.Release|Any CPU.Build.0 = Release|Any CPU
		{0EF4D9DF-2A29-41F7-8F3E-66DF0192D32C}.Debug|Any CPU.ActiveCfg = Debug|Any CPU
		{0EF4D9DF-2A29-41F7-8F3E-66DF0192D32C}.Debug|Any CPU.Build.0 = Debug|Any CPU
		{0EF4D9DF-2A29-41F7-8F3E-66DF0192D32C}.Release|Any CPU.ActiveCfg = Release|Any CPU
		{0EF4D9DF-2A29-41F7-8F3E-66DF0192D32C}.Release|Any CPU.Build.0 = Release|Any CPU
		{23088054-B87B-41F6-B581-2E3C169577A6}.Debug|Any CPU.ActiveCfg = Debug|Any CPU
		{23088054-B87B-41F6-B581-2E3C169577A6}.Debug|Any CPU.Build.0 = Debug|Any CPU
		{23088054-B87B-41F6-B581-2E3C169577A6}.Release|Any CPU.ActiveCfg = Release|Any CPU
		{23088054-B87B-41F6-B581-2E3C169577A6}.Release|Any CPU.Build.0 = Release|Any CPU
		{73E502C7-E9B0-47D5-915F-89C5A9B44423}.Debug|Any CPU.ActiveCfg = Debug|Any CPU
		{73E502C7-E9B0-47D5-915F-89C5A9B44423}.Debug|Any CPU.Build.0 = Debug|Any CPU
		{73E502C7-E9B0-47D5-915F-89C5A9B44423}.Release|Any CPU.ActiveCfg = Release|Any CPU
		{73E502C7-E9B0-47D5-915F-89C5A9B44423}.Release|Any CPU.Build.0 = Release|Any CPU
		{84F3068F-4CFE-41A4-8CDA-F5080E0AF3A4}.Debug|Any CPU.ActiveCfg = Debug|Any CPU
		{84F3068F-4CFE-41A4-8CDA-F5080E0AF3A4}.Debug|Any CPU.Build.0 = Debug|Any CPU
		{84F3068F-4CFE-41A4-8CDA-F5080E0AF3A4}.Release|Any CPU.ActiveCfg = Release|Any CPU
		{84F3068F-4CFE-41A4-8CDA-F5080E0AF3A4}.Release|Any CPU.Build.0 = Release|Any CPU
		{D1F9C45A-EEC4-4AF2-8574-2CFA385A4D4F}.Debug|Any CPU.ActiveCfg = Debug|Any CPU
		{D1F9C45A-EEC4-4AF2-8574-2CFA385A4D4F}.Debug|Any CPU.Build.0 = Debug|Any CPU
		{D1F9C45A-EEC4-4AF2-8574-2CFA385A4D4F}.Release|Any CPU.ActiveCfg = Release|Any CPU
		{D1F9C45A-EEC4-4AF2-8574-2CFA385A4D4F}.Release|Any CPU.Build.0 = Release|Any CPU
		{834B67EB-1E1B-4C64-A296-EFA16986B750}.Debug|Any CPU.ActiveCfg = Debug|Any CPU
		{834B67EB-1E1B-4C64-A296-EFA16986B750}.Debug|Any CPU.Build.0 = Debug|Any CPU
		{834B67EB-1E1B-4C64-A296-EFA16986B750}.Release|Any CPU.ActiveCfg = Release|Any CPU
		{834B67EB-1E1B-4C64-A296-EFA16986B750}.Release|Any CPU.Build.0 = Release|Any CPU
	EndGlobalSection
	GlobalSection(SolutionProperties) = preSolution
		HideSolutionNode = FALSE
	EndGlobalSection
	GlobalSection(NestedProjects) = preSolution
		{CECDE53D-1C3B-41F7-AC58-89E1CA8F193C} = {D494E396-CE54-431E-B25E-8189A45EA9B6}
		{C1F1224B-BABF-4519-BF86-0F7A73F909B8} = {CECDE53D-1C3B-41F7-AC58-89E1CA8F193C}
		{29E3CD09-FC5A-4B02-AAD1-4FF698D1B549} = {D494E396-CE54-431E-B25E-8189A45EA9B6}
		{A71B707B-CB60-4A22-93A4-B7C0158A7C92} = {29E3CD09-FC5A-4B02-AAD1-4FF698D1B549}
		{C5EBE867-41D5-4C87-A320-AF83D3091F1C} = {D494E396-CE54-431E-B25E-8189A45EA9B6}
		{BEA3ED33-7B7E-4D73-A39D-C4F508A46485} = {C5EBE867-41D5-4C87-A320-AF83D3091F1C}
		{0EF4D9DF-2A29-41F7-8F3E-66DF0192D32C} = {C5EBE867-41D5-4C87-A320-AF83D3091F1C}
		{0F2ADB3F-F2C2-46A9-9C82-782DF153DC6B} = {D494E396-CE54-431E-B25E-8189A45EA9B6}
		{23088054-B87B-41F6-B581-2E3C169577A6} = {0F2ADB3F-F2C2-46A9-9C82-782DF153DC6B}
		{73E502C7-E9B0-47D5-915F-89C5A9B44423} = {0F2ADB3F-F2C2-46A9-9C82-782DF153DC6B}
		{84F3068F-4CFE-41A4-8CDA-F5080E0AF3A4} = {0F2ADB3F-F2C2-46A9-9C82-782DF153DC6B}
		{D1F9C45A-EEC4-4AF2-8574-2CFA385A4D4F} = {0F2ADB3F-F2C2-46A9-9C82-782DF153DC6B}
		{834B67EB-1E1B-4C64-A296-EFA16986B750} = {B8D9B3C0-8F30-11EC-9A87-B126E474FE4B}
	EndGlobalSection
	GlobalSection(ExtensibilityGlobals) = postSolution
		SolutionGuid = {0F28D758-57B0-458E-B843-651F7CB7EFE3}
	EndGlobalSection
EndGlobal
